
Microsoft Visual Studio Solution File, Format Version 12.00
# Visual Studio Version 16
VisualStudioVersion = 16.0.31019.35
MinimumVisualStudioVersion = 10.0.40219.1
Project("{FAE04EC0-301F-11D3-BF4B-00C04F79EFBC}") = "AulaConexao.API", "AulaConexao.API\AulaConexao.API.csproj", "{FC0B64C0-D02C-4C4D-A287-08719B81C9A4}"
EndProject
Project("{FAE04EC0-301F-11D3-BF4B-00C04F79EFBC}") = "AulaConexao.Data", "AulaConexao.Data\AulaConexao.Data.csproj", "{328D5D58-35B8-40AE-8D0D-F21445B2CED2}"
EndProject
Project("{FAE04EC0-301F-11D3-BF4B-00C04F79EFBC}") = "AulaConexao.Domain", "AulaConexao.Domain\AulaConexao.Domain.csproj", "{D1BAEAE9-B3F8-4034-B44B-878565590F14}"
EndProject
Global
	GlobalSection(SolutionConfigurationPlatforms) = preSolution
		Debug|Any CPU = Debug|Any CPU
		Release|Any CPU = Release|Any CPU
	EndGlobalSection
	GlobalSection(ProjectConfigurationPlatforms) = postSolution
		{FC0B64C0-D02C-4C4D-A287-08719B81C9A4}.Debug|Any CPU.ActiveCfg = Debug|Any CPU
		{FC0B64C0-D02C-4C4D-A287-08719B81C9A4}.Debug|Any CPU.Build.0 = Debug|Any CPU
		{FC0B64C0-D02C-4C4D-A287-08719B81C9A4}.Release|Any CPU.ActiveCfg = Release|Any CPU
		{FC0B64C0-D02C-4C4D-A287-08719B81C9A4}.Release|Any CPU.Build.0 = Release|Any CPU
		{328D5D58-35B8-40AE-8D0D-F21445B2CED2}.Debug|Any CPU.ActiveCfg = Debug|Any CPU
		{328D5D58-35B8-40AE-8D0D-F21445B2CED2}.Debug|Any CPU.Build.0 = Debug|Any CPU
		{328D5D58-35B8-40AE-8D0D-F21445B2CED2}.Release|Any CPU.ActiveCfg = Release|Any CPU
		{328D5D58-35B8-40AE-8D0D-F21445B2CED2}.Release|Any CPU.Build.0 = Release|Any CPU
		{D1BAEAE9-B3F8-4034-B44B-878565590F14}.Debug|Any CPU.ActiveCfg = Debug|Any CPU
		{D1BAEAE9-B3F8-4034-B44B-878565590F14}.Debug|Any CPU.Build.0 = Debug|Any CPU
		{D1BAEAE9-B3F8-4034-B44B-878565590F14}.Release|Any CPU.ActiveCfg = Release|Any CPU
		{D1BAEAE9-B3F8-4034-B44B-878565590F14}.Release|Any CPU.Build.0 = Release|Any CPU
	EndGlobalSection
	GlobalSection(SolutionProperties) = preSolution
		HideSolutionNode = FALSE
	EndGlobalSection
	GlobalSection(ExtensibilityGlobals) = postSolution
		SolutionGuid = {9432D89F-7196-4072-8FAF-9CE7C7D9AB65}
	EndGlobalSection
EndGlobal
